
Microsoft Visual Studio Solution File, Format Version 12.00
# Visual Studio Version 16
VisualStudioVersion = 16.0.31129.286
MinimumVisualStudioVersion = 10.0.40219.1
Project("{FAE04EC0-301F-11D3-BF4B-00C04F79EFBC}") = "Projeto_teste", "Projeto_teste\Projeto_teste.csproj", "{19104BC3-2153-4262-BB5A-24CFA0414E70}"
EndProject
Global
	GlobalSection(SolutionConfigurationPlatforms) = preSolution
		Debug|Any CPU = Debug|Any CPU
		Release|Any CPU = Release|Any CPU
	EndGlobalSection
	GlobalSection(ProjectConfigurationPlatforms) = postSolution
		{19104BC3-2153-4262-BB5A-24CFA0414E70}.Debug|Any CPU.ActiveCfg = Debug|Any CPU
		{19104BC3-2153-4262-BB5A-24CFA0414E70}.Debug|Any CPU.Build.0 = Debug|Any CPU
		{19104BC3-2153-4262-BB5A-24CFA0414E70}.Release|Any CPU.ActiveCfg = Release|Any CPU
		{19104BC3-2153-4262-BB5A-24CFA0414E70}.Release|Any CPU.Build.0 = Release|Any CPU
	EndGlobalSection
	GlobalSection(SolutionProperties) = preSolution
		HideSolutionNode = FALSE
	EndGlobalSection
	GlobalSection(ExtensibilityGlobals) = postSolution
		SolutionGuid = {131D1F30-AB8D-48FA-8DEC-880E0E0D54E5}
	EndGlobalSection
EndGlobal
